
Microsoft Visual Studio Solution File, Format Version 12.00
# Visual Studio 15
VisualStudioVersion = 15.0.27130.2010
MinimumVisualStudioVersion = 10.0.40219.1
Project("{FAE04EC0-301F-11D3-BF4B-00C04F79EFBC}") = "Algebra 0.0.3", "Algebra 0.0.3.csproj", "{BB32D08F-71ED-4697-B013-D373B18D324A}"
EndProject
Global
	GlobalSection(SolutionConfigurationPlatforms) = preSolution
		Debug|Any CPU = Debug|Any CPU
		Release|Any CPU = Release|Any CPU
	EndGlobalSection
	GlobalSection(ProjectConfigurationPlatforms) = postSolution
		{BB32D08F-71ED-4697-B013-D373B18D324A}.Debug|Any CPU.ActiveCfg = Debug|Any CPU
		{BB32D08F-71ED-4697-B013-D373B18D324A}.Debug|Any CPU.Build.0 = Debug|Any CPU
		{BB32D08F-71ED-4697-B013-D373B18D324A}.Release|Any CPU.ActiveCfg = Release|Any CPU
		{BB32D08F-71ED-4697-B013-D373B18D324A}.Release|Any CPU.Build.0 = Release|Any CPU
	EndGlobalSection
	GlobalSection(SolutionProperties) = preSolution
		HideSolutionNode = FALSE
	EndGlobalSection
	GlobalSection(ExtensibilityGlobals) = postSolution
		SolutionGuid = {369784C7-1557-4C7F-9B8E-B1DFC55A03E4}
	EndGlobalSection
EndGlobal
